
Microsoft Visual Studio Solution File, Format Version 12.00
# Visual Studio Version 17
VisualStudioVersion = 17.10.35013.160
MinimumVisualStudioVersion = 10.0.40219.1
Project("{FAE04EC0-301F-11D3-BF4B-00C04F79EFBC}") = "OrderManagmentSystem.API", "OrderManagmentSystem.API\OrderManagmentSystem.API.csproj", "{E3F9E7C4-4F9B-4943-9A72-650F8EFED724}"
EndProject
Project("{2150E333-8FDC-42A3-9474-1A3956D46DE8}") = "Core", "Core", "{7EE86D6F-568F-4ABE-B31B-3E12C5C9AA16}"
EndProject
Project("{FAE04EC0-301F-11D3-BF4B-00C04F79EFBC}") = "Domain", "Core\Domain\Domain.csproj", "{3F6C9BB0-89CE-4683-A3CE-F33E539E0E21}"
EndProject
Project("{FAE04EC0-301F-11D3-BF4B-00C04F79EFBC}") = "Services", "Core\Services\Services.csproj", "{F1EEE246-3B6B-40D1-A643-938B1F980333}"
EndProject
Project("{2150E333-8FDC-42A3-9474-1A3956D46DE8}") = "Infrastructure", "Infrastructure", "{41FC684C-7387-496D-8A3A-818EE32B0E9B}"
EndProject
Project("{FAE04EC0-301F-11D3-BF4B-00C04F79EFBC}") = "Persistence", "Infrastructure\Persistence\Persistence.csproj", "{52252DAF-556A-4BA8-A229-B8C42B52F855}"
EndProject
Project("{FAE04EC0-301F-11D3-BF4B-00C04F79EFBC}") = "Presentation", "Infrastructure\Presentation\Presentation.csproj", "{AA517243-B675-401D-ADE8-05A0387C0E29}"
EndProject
Project("{FAE04EC0-301F-11D3-BF4B-00C04F79EFBC}") = "Services.Abstractions", "Core\Services.Abstractions\Services.Abstractions.csproj", "{93EB1C91-AFA9-44C1-99E4-C090CFF9C646}"
EndProject
Project("{FAE04EC0-301F-11D3-BF4B-00C04F79EFBC}") = "Shared", "Shared\Shared.csproj", "{B5460112-7A34-4346-9F0D-AB537F2ADFB5}"
EndProject
Global
	GlobalSection(SolutionConfigurationPlatforms) = preSolution
		Debug|Any CPU = Debug|Any CPU
		Release|Any CPU = Release|Any CPU
	EndGlobalSection
	GlobalSection(ProjectConfigurationPlatforms) = postSolution
		{E3F9E7C4-4F9B-4943-9A72-650F8EFED724}.Debug|Any CPU.ActiveCfg = Debug|Any CPU
		{E3F9E7C4-4F9B-4943-9A72-650F8EFED724}.Debug|Any CPU.Build.0 = Debug|Any CPU
		{E3F9E7C4-4F9B-4943-9A72-650F8EFED724}.Release|Any CPU.ActiveCfg = Release|Any CPU
		{E3F9E7C4-4F9B-4943-9A72-650F8EFED724}.Release|Any CPU.Build.0 = Release|Any CPU
		{3F6C9BB0-89CE-4683-A3CE-F33E539E0E21}.Debug|Any CPU.ActiveCfg = Debug|Any CPU
		{3F6C9BB0-89CE-4683-A3CE-F33E539E0E21}.Debug|Any CPU.Build.0 = Debug|Any CPU
		{3F6C9BB0-89CE-4683-A3CE-F33E539E0E21}.Release|Any CPU.ActiveCfg = Release|Any CPU
		{3F6C9BB0-89CE-4683-A3CE-F33E539E0E21}.Release|Any CPU.Build.0 = Release|Any CPU
		{F1EEE246-3B6B-40D1-A643-938B1F980333}.Debug|Any CPU.ActiveCfg = Debug|Any CPU
		{F1EEE246-3B6B-40D1-A643-938B1F980333}.Debug|Any CPU.Build.0 = Debug|Any CPU
		{F1EEE246-3B6B-40D1-A643-938B1F980333}.Release|Any CPU.ActiveCfg = Release|Any CPU
		{F1EEE246-3B6B-40D1-A643-938B1F980333}.Release|Any CPU.Build.0 = Release|Any CPU
		{52252DAF-556A-4BA8-A229-B8C42B52F855}.Debug|Any CPU.ActiveCfg = Debug|Any CPU
		{52252DAF-556A-4BA8-A229-B8C42B52F855}.Debug|Any CPU.Build.0 = Debug|Any CPU
		{52252DAF-556A-4BA8-A229-B8C42B52F855}.Release|Any CPU.ActiveCfg = Release|Any CPU
		{52252DAF-556A-4BA8-A229-B8C42B52F855}.Release|Any CPU.Build.0 = Release|Any CPU
		{AA517243-B675-401D-ADE8-05A0387C0E29}.Debug|Any CPU.ActiveCfg = Debug|Any CPU
		{AA517243-B675-401D-ADE8-05A0387C0E29}.Debug|Any CPU.Build.0 = Debug|Any CPU
		{AA517243-B675-401D-ADE8-05A0387C0E29}.Release|Any CPU.ActiveCfg = Release|Any CPU
		{AA517243-B675-401D-ADE8-05A0387C0E29}.Release|Any CPU.Build.0 = Release|Any CPU
		{93EB1C91-AFA9-44C1-99E4-C090CFF9C646}.Debug|Any CPU.ActiveCfg = Debug|Any CPU
		{93EB1C91-AFA9-44C1-99E4-C090CFF9C646}.Debug|Any CPU.Build.0 = Debug|Any CPU
		{93EB1C91-AFA9-44C1-99E4-C090CFF9C646}.Release|Any CPU.ActiveCfg = Release|Any CPU
		{93EB1C91-AFA9-44C1-99E4-C090CFF9C646}.Release|Any CPU.Build.0 = Release|Any CPU
		{B5460112-7A34-4346-9F0D-AB537F2ADFB5}.Debug|Any CPU.ActiveCfg = Debug|Any CPU
		{B5460112-7A34-4346-9F0D-AB537F2ADFB5}.Debug|Any CPU.Build.0 = Debug|Any CPU
		{B5460112-7A34-4346-9F0D-AB537F2ADFB5}.Release|Any CPU.ActiveCfg = Release|Any CPU
		{B5460112-7A34-4346-9F0D-AB537F2ADFB5}.Release|Any CPU.Build.0 = Release|Any CPU
	EndGlobalSection
	GlobalSection(SolutionProperties) = preSolution
		HideSolutionNode = FALSE
	EndGlobalSection
	GlobalSection(NestedProjects) = preSolution
		{3F6C9BB0-89CE-4683-A3CE-F33E539E0E21} = {7EE86D6F-568F-4ABE-B31B-3E12C5C9AA16}
		{F1EEE246-3B6B-40D1-A643-938B1F980333} = {7EE86D6F-568F-4ABE-B31B-3E12C5C9AA16}
		{52252DAF-556A-4BA8-A229-B8C42B52F855} = {41FC684C-7387-496D-8A3A-818EE32B0E9B}
		{AA517243-B675-401D-ADE8-05A0387C0E29} = {41FC684C-7387-496D-8A3A-818EE32B0E9B}
		{93EB1C91-AFA9-44C1-99E4-C090CFF9C646} = {7EE86D6F-568F-4ABE-B31B-3E12C5C9AA16}
	EndGlobalSection
	GlobalSection(ExtensibilityGlobals) = postSolution
		SolutionGuid = {712E51BF-C8C7-4B0D-94D8-77BEF9E67DB9}
	EndGlobalSection
EndGlobal
